
Microsoft Visual Studio Solution File, Format Version 12.00
# Visual Studio 2012
Project("{FAE04EC0-301F-11D3-BF4B-00C04F79EFBC}") = "wirecardpayment_binding", "wirecardpayment_binding\wirecardpayment_binding.csproj", "{C2C3E0B5-7587-4F19-A4D6-5AADF47F0F8E}"
EndProject
Global
	GlobalSection(SolutionConfigurationPlatforms) = preSolution
		Debug|Any CPU = Debug|Any CPU
		Release|Any CPU = Release|Any CPU
	EndGlobalSection
	GlobalSection(ProjectConfigurationPlatforms) = postSolution
		{C2C3E0B5-7587-4F19-A4D6-5AADF47F0F8E}.Debug|Any CPU.ActiveCfg = Debug|Any CPU
		{C2C3E0B5-7587-4F19-A4D6-5AADF47F0F8E}.Debug|Any CPU.Build.0 = Debug|Any CPU
		{C2C3E0B5-7587-4F19-A4D6-5AADF47F0F8E}.Release|Any CPU.ActiveCfg = Release|Any CPU
		{C2C3E0B5-7587-4F19-A4D6-5AADF47F0F8E}.Release|Any CPU.Build.0 = Release|Any CPU
	EndGlobalSection
EndGlobal
